
Microsoft Visual Studio Solution File, Format Version 12.00
# Visual Studio Version 17
VisualStudioVersion = 17.10.35122.118
MinimumVisualStudioVersion = 10.0.40219.1
Project("{9A19103F-16F7-4668-BE54-9A1E7A4F7556}") = "JsonFragmentParser", "JsonFragmentParser\JsonFragmentParser.csproj", "{B91C11F8-A80B-48ED-BB7F-9D87314CAC15}"
EndProject
Project("{9A19103F-16F7-4668-BE54-9A1E7A4F7556}") = "JsonFragmentParser.Tests", "JsonFragmentParser.Tests\JsonFragmentParser.Tests.csproj", "{3F7C9990-67BD-46CA-8C20-E91EF0429CB4}"
EndProject
Global
	GlobalSection(SolutionConfigurationPlatforms) = preSolution
		Debug|Any CPU = Debug|Any CPU
		Release|Any CPU = Release|Any CPU
	EndGlobalSection
	GlobalSection(ProjectConfigurationPlatforms) = postSolution
		{B91C11F8-A80B-48ED-BB7F-9D87314CAC15}.Debug|Any CPU.ActiveCfg = Debug|Any CPU
		{B91C11F8-A80B-48ED-BB7F-9D87314CAC15}.Debug|Any CPU.Build.0 = Debug|Any CPU
		{B91C11F8-A80B-48ED-BB7F-9D87314CAC15}.Release|Any CPU.ActiveCfg = Release|Any CPU
		{B91C11F8-A80B-48ED-BB7F-9D87314CAC15}.Release|Any CPU.Build.0 = Release|Any CPU
		{3F7C9990-67BD-46CA-8C20-E91EF0429CB4}.Debug|Any CPU.ActiveCfg = Debug|Any CPU
		{3F7C9990-67BD-46CA-8C20-E91EF0429CB4}.Debug|Any CPU.Build.0 = Debug|Any CPU
		{3F7C9990-67BD-46CA-8C20-E91EF0429CB4}.Release|Any CPU.ActiveCfg = Release|Any CPU
		{3F7C9990-67BD-46CA-8C20-E91EF0429CB4}.Release|Any CPU.Build.0 = Release|Any CPU
	EndGlobalSection
	GlobalSection(SolutionProperties) = preSolution
		HideSolutionNode = FALSE
	EndGlobalSection
EndGlobal
